hash: 1423b69b3eb4df9a9065587841f28689aa1596e3416000f7d53168abf25f543e
updated: 2017-08-04T21:32:59.354098827+04:30
imports:
- name: github.com/evilsocket/brutemachine
  version: 0331ad6a82cee811aa4e7e80f550fc5b9c7a1153
- name: github.com/fatih/color
  version: 570b54cabe6b8eb0bc2dfce68d964677d63b5260
- name: github.com/mattn/go-colorable
  version: 5411d3eea5978e6cdc258b30de592b60df6aba96
  repo: https://github.com/mattn/go-colorable
- name: github.com/mattn/go-isatty
  version: 57fdcb988a5c543893cc61bce354a6e24ab70022
  repo: https://github.com/mattn/go-isatty
- name: golang.org/x/sys
  version: e24f485414aeafb646f6fca458b0bf869c0880a1
  repo: https://go.googlesource.com/sys
  subpackages:
  - unix
testImports: []
